
Microsoft Visual Studio Solution File, Format Version 12.00
# Visual Studio Version 17
VisualStudioVersion = 17.0.31919.166
MinimumVisualStudioVersion = 10.0.40219.1
Project("{9A19103F-16F7-4668-BE54-9A1E7A4F7556}") = "TargetForApplication", "TargetForApplication\TargetForApplication.csproj", "{56C3DA09-1423-4776-8178-73476E3C0FE8}"
EndProject
Global
	GlobalSection(SolutionConfigurationPlatforms) = preSolution
		Debug|Any CPU = Debug|Any CPU
		Release|Any CPU = Release|Any CPU
	EndGlobalSection
	GlobalSection(ProjectConfigurationPlatforms) = postSolution
		{56C3DA09-1423-4776-8178-73476E3C0FE8}.Debug|Any CPU.ActiveCfg = Debug|Any CPU
		{56C3DA09-1423-4776-8178-73476E3C0FE8}.Debug|Any CPU.Build.0 = Debug|Any CPU
		{56C3DA09-1423-4776-8178-73476E3C0FE8}.Release|Any CPU.ActiveCfg = Release|Any CPU
		{56C3DA09-1423-4776-8178-73476E3C0FE8}.Release|Any CPU.Build.0 = Release|Any CPU
	EndGlobalSection
	GlobalSection(SolutionProperties) = preSolution
		HideSolutionNode = FALSE
	EndGlobalSection
	GlobalSection(ExtensibilityGlobals) = postSolution
		SolutionGuid = {7A75517F-9A2D-4A1E-B767-8E4702B26034}
	EndGlobalSection
EndGlobal
